
Microsoft Visual Studio Solution File, Format Version 12.00
# Visual Studio Version 17
VisualStudioVersion = 17.1.32328.378
MinimumVisualStudioVersion = 10.0.40219.1
Project("{9A19103F-16F7-4668-BE54-9A1E7A4F7556}") = "CoreAPI", "CoreAPI\CoreAPI.csproj", "{2CCDCD12-0B50-43E9-892E-FF2A9646E96F}"
EndProject
Project("{FAE04EC0-301F-11D3-BF4B-00C04F79EFBC}") = "CoreClient", "CoreClient\CoreClient.csproj", "{EEDE7CAA-0D44-471F-B42D-11A8517CA733}"
EndProject
Global
	GlobalSection(SolutionConfigurationPlatforms) = preSolution
		Debug|Any CPU = Debug|Any CPU
		Release|Any CPU = Release|Any CPU
	EndGlobalSection
	GlobalSection(ProjectConfigurationPlatforms) = postSolution
		{2CCDCD12-0B50-43E9-892E-FF2A9646E96F}.Debug|Any CPU.ActiveCfg = Debug|Any CPU
		{2CCDCD12-0B50-43E9-892E-FF2A9646E96F}.Debug|Any CPU.Build.0 = Debug|Any CPU
		{2CCDCD12-0B50-43E9-892E-FF2A9646E96F}.Release|Any CPU.ActiveCfg = Release|Any CPU
		{2CCDCD12-0B50-43E9-892E-FF2A9646E96F}.Release|Any CPU.Build.0 = Release|Any CPU
		{EEDE7CAA-0D44-471F-B42D-11A8517CA733}.Debug|Any CPU.ActiveCfg = Debug|Any CPU
		{EEDE7CAA-0D44-471F-B42D-11A8517CA733}.Debug|Any CPU.Build.0 = Debug|Any CPU
		{EEDE7CAA-0D44-471F-B42D-11A8517CA733}.Release|Any CPU.ActiveCfg = Release|Any CPU
		{EEDE7CAA-0D44-471F-B42D-11A8517CA733}.Release|Any CPU.Build.0 = Release|Any CPU
	EndGlobalSection
	GlobalSection(SolutionProperties) = preSolution
		HideSolutionNode = FALSE
	EndGlobalSection
	GlobalSection(ExtensibilityGlobals) = postSolution
		SolutionGuid = {DD65635E-CAF0-456F-87DD-7EBC84F3D1DA}
	EndGlobalSection
EndGlobal
